
Microsoft Visual Studio Solution File, Format Version 12.00
# Visual Studio Version 16
VisualStudioVersion = 16.0.30804.86
MinimumVisualStudioVersion = 10.0.40219.1
Project("{FAE04EC0-301F-11D3-BF4B-00C04F79EFBC}") = "Server", "Server\Server.csproj", "{90B5B346-88DB-4902-905E-75853E1C730D}"
EndProject
Global
	GlobalSection(SolutionConfigurationPlatforms) = preSolution
		Debug|Any CPU = Debug|Any CPU
		Release|Any CPU = Release|Any CPU
	EndGlobalSection
	GlobalSection(ProjectConfigurationPlatforms) = postSolution
		{90B5B346-88DB-4902-905E-75853E1C730D}.Debug|Any CPU.ActiveCfg = Debug|Any CPU
		{90B5B346-88DB-4902-905E-75853E1C730D}.Debug|Any CPU.Build.0 = Debug|Any CPU
		{90B5B346-88DB-4902-905E-75853E1C730D}.Release|Any CPU.ActiveCfg = Release|Any CPU
		{90B5B346-88DB-4902-905E-75853E1C730D}.Release|Any CPU.Build.0 = Release|Any CPU
	EndGlobalSection
	GlobalSection(SolutionProperties) = preSolution
		HideSolutionNode = FALSE
	EndGlobalSection
	GlobalSection(ExtensibilityGlobals) = postSolution
		SolutionGuid = {A6571416-5C34-4116-A852-90E231182F8C}
	EndGlobalSection
EndGlobal
